// !$*UTF8*$!
{
	archiveVersion = 1;
	classes = {
	};
	objectVersion = 50;
	objects = {

/* Begin PBXBuildFile section */
		086EE0C457ABFCA06CA1D96D /* Pods_vigilesMobile.framework in Frameworks */ = {isa = PBXBuildFile; fileRef = 9075DECBDB3E2B1138E9DB9E /* Pods_vigilesMobile.framework */; };
		2114AA20223FDF5A006E23C1 /* CoreLocation.framework in Frameworks */ = {isa = PBXBuildFile; fileRef = 2114AA1E223FC1CA006E23C1 /* CoreLocation.framework */; };
		212FA1852252314D00FD9917 /* IQTextView.swift in Sources */ = {isa = PBXBuildFile; fileRef = 212FA16F2252314D00FD9917 /* IQTextView.swift */; };
		212FA1862252314D00FD9917 /* IQPreviousNextView.swift in Sources */ = {isa = PBXBuildFile; fileRef = 212FA1712252314D00FD9917 /* IQPreviousNextView.swift */; };
		212FA1872252314D00FD9917 /* IQTitleBarButtonItem.swift in Sources */ = {isa = PBXBuildFile; fileRef = 212FA1722252314D00FD9917 /* IQTitleBarButtonItem.swift */; };
		212FA1882252314D00FD9917 /* IQBarButtonItem.swift in Sources */ = {isa = PBXBuildFile; fileRef = 212FA1732252314D00FD9917 /* IQBarButtonItem.swift */; };
		212FA1892252314D00FD9917 /* IQToolbar.swift in Sources */ = {isa = PBXBuildFile; fileRef = 212FA1742252314D00FD9917 /* IQToolbar.swift */; };
		212FA18A2252314D00FD9917 /* IQUIView+IQKeyboardToolbar.swift in Sources */ = {isa = PBXBuildFile; fileRef = 212FA1752252314D00FD9917 /* IQUIView+IQKeyboardToolbar.swift */; };
		212FA18B2252314D00FD9917 /* IQInvocation.swift in Sources */ = {isa = PBXBuildFile; fileRef = 212FA1762252314D00FD9917 /* IQInvocation.swift */; };
		212FA18C2252314D00FD9917 /* IQKeyboardManagerConstantsInternal.swift in Sources */ = {isa = PBXBuildFile; fileRef = 212FA1782252314D00FD9917 /* IQKeyboardManagerConstantsInternal.swift */; };
		212FA18D2252314D00FD9917 /* IQKeyboardManagerConstants.swift in Sources */ = {isa = PBXBuildFile; fileRef = 212FA1792252314D00FD9917 /* IQKeyboardManagerConstants.swift */; };
		212FA18E2252314D00FD9917 /* IQKeyboardManager.bundle in Resources */ = {isa = PBXBuildFile; fileRef = 212FA17B2252314D00FD9917 /* IQKeyboardManager.bundle */; };
		212FA18F2252314D00FD9917 /* IQKeyboardReturnKeyHandler.swift in Sources */ = {isa = PBXBuildFile; fileRef = 212FA17C2252314D00FD9917 /* IQKeyboardReturnKeyHandler.swift */; };
		212FA1902252314E00FD9917 /* IQKeyboardManager.swift in Sources */ = {isa = PBXBuildFile; fileRef = 212FA17D2252314D00FD9917 /* IQKeyboardManager.swift */; };
		212FA1912252314E00FD9917 /* IQUIScrollView+Additions.swift in Sources */ = {isa = PBXBuildFile; fileRef = 212FA1802252314D00FD9917 /* IQUIScrollView+Additions.swift */; };
		212FA1922252314E00FD9917 /* IQUIViewController+Additions.swift in Sources */ = {isa = PBXBuildFile; fileRef = 212FA1812252314D00FD9917 /* IQUIViewController+Additions.swift */; };
		212FA1932252314E00FD9917 /* IQUITextFieldView+Additions.swift in Sources */ = {isa = PBXBuildFile; fileRef = 212FA1822252314D00FD9917 /* IQUITextFieldView+Additions.swift */; };
		212FA1942252314E00FD9917 /* IQUIView+Hierarchy.swift in Sources */ = {isa = PBXBuildFile; fileRef = 212FA1832252314D00FD9917 /* IQUIView+Hierarchy.swift */; };
		212FA1952252314E00FD9917 /* IQNSArray+Sort.swift in Sources */ = {isa = PBXBuildFile; fileRef = 212FA1842252314D00FD9917 /* IQNSArray+Sort.swift */; };
		2161CD82222FF7F2001ABD2E /* AppDelegate.swift in Sources */ = {isa = PBXBuildFile; fileRef = 2161CD81222FF7F2001ABD2E /* AppDelegate.swift */; };
		2161CD84222FF7F2001ABD2E /* ViewController.swift in Sources */ = {isa = PBXBuildFile; fileRef = 2161CD83222FF7F2001ABD2E /* ViewController.swift */; };
		2161CD87222FF7F2001ABD2E /* Main.storyboard in Resources */ = {isa = PBXBuildFile; fileRef = 2161CD85222FF7F2001ABD2E /* Main.storyboard */; };
		2161CD8A222FF7F2001ABD2E /* vigilesMobile.xcdatamodeld in Sources */ = {isa = PBXBuildFile; fileRef = 2161CD88222FF7F2001ABD2E /* vigilesMobile.xcdatamodeld */; };
		2161CD8C222FF7F3001ABD2E /* Assets.xcassets in Resources */ = {isa = PBXBuildFile; fileRef = 2161CD8B222FF7F3001ABD2E /* Assets.xcassets */; };
		2161CD8F222FF7F3001ABD2E /* LaunchScreen.storyboard in Resources */ = {isa = PBXBuildFile; fileRef = 2161CD8D222FF7F3001ABD2E /* LaunchScreen.storyboard */; };
		2161CD9A222FF7F3001ABD2E /* vigilesMobileTests.swift in Sources */ = {isa = PBXBuildFile; fileRef = 2161CD99222FF7F3001ABD2E /* vigilesMobileTests.swift */; };
		2161CDA5222FF7F3001ABD2E /* vigilesMobileUITests.swift in Sources */ = {isa = PBXBuildFile; fileRef = 2161CDA4222FF7F3001ABD2E /* vigilesMobileUITests.swift */; };
		21791B14224283960008B28C /* RegisterViewController.swift in Sources */ = {isa = PBXBuildFile; fileRef = 21791B13224283960008B28C /* RegisterViewController.swift */; };
		218BD3E62232DB080067FE59 /* Home.storyboard in Resources */ = {isa = PBXBuildFile; fileRef = 218BD3E52232DB080067FE59 /* Home.storyboard */; };
		218BD3E82232DB340067FE59 /* Cerca.storyboard in Resources */ = {isa = PBXBuildFile; fileRef = 218BD3E72232DB340067FE59 /* Cerca.storyboard */; };
		218BD3EA2232DB5B0067FE59 /* Aggiungi.storyboard in Resources */ = {isa = PBXBuildFile; fileRef = 218BD3E92232DB5B0067FE59 /* Aggiungi.storyboard */; };
		218BD3EC2232DB680067FE59 /* Storico.storyboard in Resources */ = {isa = PBXBuildFile; fileRef = 218BD3EB2232DB680067FE59 /* Storico.storyboard */; };
		218BD3EE2232DB750067FE59 /* Profilo.storyboard in Resources */ = {isa = PBXBuildFile; fileRef = 218BD3ED2232DB750067FE59 /* Profilo.storyboard */; };
		218BD3F62232E7BE0067FE59 /* HomeViewController.swift in Sources */ = {isa = PBXBuildFile; fileRef = 218BD3F52232E7BE0067FE59 /* HomeViewController.swift */; };
		21A818D62233C42100F5B1AA /* SearchViewController.swift in Sources */ = {isa = PBXBuildFile; fileRef = 21A818D52233C42100F5B1AA /* SearchViewController.swift */; };
		21A818D82233C48A00F5B1AA /* AddViewController.swift in Sources */ = {isa = PBXBuildFile; fileRef = 21A818D72233C48A00F5B1AA /* AddViewController.swift */; };
		21A818DA2233C4E800F5B1AA /* HistoricalViewController.swift in Sources */ = {isa = PBXBuildFile; fileRef = 21A818D92233C4E800F5B1AA /* HistoricalViewController.swift */; };
		21A818DC2233C57800F5B1AA /* ProfileViewController.swift in Sources */ = {isa = PBXBuildFile; fileRef = 21A818DB2233C57800F5B1AA /* ProfileViewController.swift */; };
		5622B7EB224A5ABC007D5CB6 /* DataCollectionViewCell.swift in Sources */ = {isa = PBXBuildFile; fileRef = 5622B7EA224A5ABC007D5CB6 /* DataCollectionViewCell.swift */; };
		56ACCF32224C2833003F0063 /* CollectionViewCell.swift in Sources */ = {isa = PBXBuildFile; fileRef = 56ACCF31224C2833003F0063 /* CollectionViewCell.swift */; };
		56ACCF34224D16B2003F0063 /* ChatCollectionViewCell.swift in Sources */ = {isa = PBXBuildFile; fileRef = 56ACCF33224D16B2003F0063 /* ChatCollectionViewCell.swift */; };
		56ACCF36224D16FE003F0063 /* ChatViewController.swift in Sources */ = {isa = PBXBuildFile; fileRef = 56ACCF35224D16FE003F0063 /* ChatViewController.swift */; };
		56FD53F52243133A006C9533 /* LoginViewController.swift in Sources */ = {isa = PBXBuildFile; fileRef = 56FD53F42243133A006C9533 /* LoginViewController.swift */; };
		BE3B4FF6A1412A6CD4595E5D /* Pods_vigilesMobileTests.framework in Frameworks */ = {isa = PBXBuildFile; fileRef = 7EB2FA954C38D63C577560DB /* Pods_vigilesMobileTests.framework */; };
		C8D492E4EC223C50C0615350 /* Pods_vigilesMobileUITests.framework in Frameworks */ = {isa = PBXBuildFile; fileRef = F7B16419C71430A4682DD227 /* Pods_vigilesMobileUITests.framework */; };
/* End PBXBuildFile section */

/* Begin PBXContainerItemProxy section */
		2161CD96222FF7F3001ABD2E /* PBXContainerItemProxy */ = {
			isa = PBXContainerItemProxy;
			containerPortal = 2161CD76222FF7F2001ABD2E /* Project object */;
			proxyType = 1;
			remoteGlobalIDString = 2161CD7D222FF7F2001ABD2E;
			remoteInfo = vigilesMobile;
		};
		2161CDA1222FF7F3001ABD2E /* PBXContainerItemProxy */ = {
			isa = PBXContainerItemProxy;
			containerPortal = 2161CD76222FF7F2001ABD2E /* Project object */;
			proxyType = 1;
			remoteGlobalIDString = 2161CD7D222FF7F2001ABD2E;
			remoteInfo = vigilesMobile;
		};
/* End PBXContainerItemProxy section */

/* Begin PBXFileReference section */
		2114AA1E223FC1CA006E23C1 /* CoreLocation.framework */ = {isa = PBXFileReference; lastKnownFileType = wrapper.framework; name = CoreLocation.framework; path = System/Library/Frameworks/CoreLocation.framework; sourceTree = SDKROOT; };
		212FA16F2252314D00FD9917 /* IQTextView.swift */ = {isa = PBXFileReference; fileEncoding = 4; lastKnownFileType = sourcecode.swift; path = IQTextView.swift; sourceTree = "<group>"; };
		212FA1712252314D00FD9917 /* IQPreviousNextView.swift */ = {isa = PBXFileReference; fileEncoding = 4; lastKnownFileType = sourcecode.swift; path = IQPreviousNextView.swift; sourceTree = "<group>"; };
		212FA1722252314D00FD9917 /* IQTitleBarButtonItem.swift */ = {isa = PBXFileReference; fileEncoding = 4; lastKnownFileType = sourcecode.swift; path = IQTitleBarButtonItem.swift; sourceTree = "<group>"; };
		212FA1732252314D00FD9917 /* IQBarButtonItem.swift */ = {isa = PBXFileReference; fileEncoding = 4; lastKnownFileType = sourcecode.swift; path = IQBarButtonItem.swift; sourceTree = "<group>"; };
		212FA1742252314D00FD9917 /* IQToolbar.swift */ = {isa = PBXFileReference; fileEncoding = 4; lastKnownFileType = sourcecode.swift; path = IQToolbar.swift; sourceTree = "<group>"; };
		212FA1752252314D00FD9917 /* IQUIView+IQKeyboardToolbar.swift */ = {isa = PBXFileReference; fileEncoding = 4; lastKnownFileType = sourcecode.swift; path = "IQUIView+IQKeyboardToolbar.swift"; sourceTree = "<group>"; };
		212FA1762252314D00FD9917 /* IQInvocation.swift */ = {isa = PBXFileReference; fileEncoding = 4; lastKnownFileType = sourcecode.swift; path = IQInvocation.swift; sourceTree = "<group>"; };
		212FA1782252314D00FD9917 /* IQKeyboardManagerConstantsInternal.swift */ = {isa = PBXFileReference; fileEncoding = 4; lastKnownFileType = sourcecode.swift; path = IQKeyboardManagerConstantsInternal.swift; sourceTree = "<group>"; };
		212FA1792252314D00FD9917 /* IQKeyboardManagerConstants.swift */ = {isa = PBXFileReference; fileEncoding = 4; lastKnownFileType = sourcecode.swift; path = IQKeyboardManagerConstants.swift; sourceTree = "<group>"; };
		212FA17B2252314D00FD9917 /* IQKeyboardManager.bundle */ = {isa = PBXFileReference; lastKnownFileType = "wrapper.plug-in"; path = IQKeyboardManager.bundle; sourceTree = "<group>"; };
		212FA17C2252314D00FD9917 /* IQKeyboardReturnKeyHandler.swift */ = {isa = PBXFileReference; fileEncoding = 4; lastKnownFileType = sourcecode.swift; path = IQKeyboardReturnKeyHandler.swift; sourceTree = "<group>"; };
		212FA17D2252314D00FD9917 /* IQKeyboardManager.swift */ = {isa = PBXFileReference; fileEncoding = 4; lastKnownFileType = sourcecode.swift; path = IQKeyboardManager.swift; sourceTree = "<group>"; };
		212FA17E2252314D00FD9917 /* IQKeyboardManagerSwift.h */ = {isa = PBXFileReference; fileEncoding = 4; lastKnownFileType = sourcecode.c.h; path = IQKeyboardManagerSwift.h; sourceTree = "<group>"; };
		212FA1802252314D00FD9917 /* IQUIScrollView+Additions.swift */ = {isa = PBXFileReference; fileEncoding = 4; lastKnownFileType = sourcecode.swift; path = "IQUIScrollView+Additions.swift"; sourceTree = "<group>"; };
		212FA1812252314D00FD9917 /* IQUIViewController+Additions.swift */ = {isa = PBXFileReference; fileEncoding = 4; lastKnownFileType = sourcecode.swift; path = "IQUIViewController+Additions.swift"; sourceTree = "<group>"; };
		212FA1822252314D00FD9917 /* IQUITextFieldView+Additions.swift */ = {isa = PBXFileReference; fileEncoding = 4; lastKnownFileType = sourcecode.swift; path = "IQUITextFieldView+Additions.swift"; sourceTree = "<group>"; };
		212FA1832252314D00FD9917 /* IQUIView+Hierarchy.swift */ = {isa = PBXFileReference; fileEncoding = 4; lastKnownFileType = sourcecode.swift; path = "IQUIView+Hierarchy.swift"; sourceTree = "<group>"; };
		212FA1842252314D00FD9917 /* IQNSArray+Sort.swift */ = {isa = PBXFileReference; fileEncoding = 4; lastKnownFileType = sourcecode.swift; path = "IQNSArray+Sort.swift"; sourceTree = "<group>"; };
		2161CD7E222FF7F2001ABD2E /* vigilesMobile.app */ = {isa = PBXFileReference; explicitFileType = wrapper.application; includeInIndex = 0; path = vigilesMobile.app; sourceTree = BUILT_PRODUCTS_DIR; };
		2161CD81222FF7F2001ABD2E /* AppDelegate.swift */ = {isa = PBXFileReference; lastKnownFileType = sourcecode.swift; path = AppDelegate.swift; sourceTree = "<group>"; };
		2161CD83222FF7F2001ABD2E /* ViewController.swift */ = {isa = PBXFileReference; lastKnownFileType = sourcecode.swift; path = ViewController.swift; sourceTree = "<group>"; };
		2161CD86222FF7F2001ABD2E /* Base */ = {isa = PBXFileReference; lastKnownFileType = file.storyboard; name = Base; path = Base.lproj/Main.storyboard; sourceTree = "<group>"; };
		2161CD89222FF7F2001ABD2E /* vigilesMobile.xcdatamodel */ = {isa = PBXFileReference; lastKnownFileType = wrapper.xcdatamodel; path = vigilesMobile.xcdatamodel; sourceTree = "<group>"; };
		2161CD8B222FF7F3001ABD2E /* Assets.xcassets */ = {isa = PBXFileReference; lastKnownFileType = folder.assetcatalog; path = Assets.xcassets; sourceTree = "<group>"; };
		2161CD8E222FF7F3001ABD2E /* Base */ = {isa = PBXFileReference; lastKnownFileType = file.storyboard; name = Base; path = Base.lproj/LaunchScreen.storyboard; sourceTree = "<group>"; };
		2161CD90222FF7F3001ABD2E /* Info.plist */ = {isa = PBXFileReference; lastKnownFileType = text.plist.xml; path = Info.plist; sourceTree = "<group>"; };
		2161CD95222FF7F3001ABD2E /* vigilesMobileTests.xctest */ = {isa = PBXFileReference; explicitFileType = wrapper.cfbundle; includeInIndex = 0; path = vigilesMobileTests.xctest; sourceTree = BUILT_PRODUCTS_DIR; };
		2161CD99222FF7F3001ABD2E /* vigilesMobileTests.swift */ = {isa = PBXFileReference; lastKnownFileType = sourcecode.swift; path = vigilesMobileTests.swift; sourceTree = "<group>"; };
		2161CD9B222FF7F3001ABD2E /* Info.plist */ = {isa = PBXFileReference; lastKnownFileType = text.plist.xml; path = Info.plist; sourceTree = "<group>"; };
		2161CDA0222FF7F3001ABD2E /* vigilesMobileUITests.xctest */ = {isa = PBXFileReference; explicitFileType = wrapper.cfbundle; includeInIndex = 0; path = vigilesMobileUITests.xctest; sourceTree = BUILT_PRODUCTS_DIR; };
		2161CDA4222FF7F3001ABD2E /* vigilesMobileUITests.swift */ = {isa = PBXFileReference; lastKnownFileType = sourcecode.swift; path = vigilesMobileUITests.swift; sourceTree = "<group>"; };
		2161CDA6222FF7F3001ABD2E /* Info.plist */ = {isa = PBXFileReference; lastKnownFileType = text.plist.xml; path = Info.plist; sourceTree = "<group>"; };
		21791B13224283960008B28C /* RegisterViewController.swift */ = {isa = PBXFileReference; lastKnownFileType = sourcecode.swift; path = RegisterViewController.swift; sourceTree = "<group>"; };
		218BD3E52232DB080067FE59 /* Home.storyboard */ = {isa = PBXFileReference; lastKnownFileType = file.storyboard; path = Home.storyboard; sourceTree = "<group>"; };
		218BD3E72232DB340067FE59 /* Cerca.storyboard */ = {isa = PBXFileReference; lastKnownFileType = file.storyboard; path = Cerca.storyboard; sourceTree = "<group>"; };
		218BD3E92232DB5B0067FE59 /* Aggiungi.storyboard */ = {isa = PBXFileReference; lastKnownFileType = file.storyboard; path = Aggiungi.storyboard; sourceTree = "<group>"; };
		218BD3EB2232DB680067FE59 /* Storico.storyboard */ = {isa = PBXFileReference; lastKnownFileType = file.storyboard; path = Storico.storyboard; sourceTree = "<group>"; };
		218BD3ED2232DB750067FE59 /* Profilo.storyboard */ = {isa = PBXFileReference; lastKnownFileType = file.storyboard; path = Profilo.storyboard; sourceTree = "<group>"; };
		218BD3F52232E7BE0067FE59 /* HomeViewController.swift */ = {isa = PBXFileReference; lastKnownFileType = sourcecode.swift; path = HomeViewController.swift; sourceTree = "<group>"; };
		21A818D52233C42100F5B1AA /* SearchViewController.swift */ = {isa = PBXFileReference; lastKnownFileType = sourcecode.swift; path = SearchViewController.swift; sourceTree = "<group>"; };
		21A818D72233C48A00F5B1AA /* AddViewController.swift */ = {isa = PBXFileReference; lastKnownFileType = sourcecode.swift; path = AddViewController.swift; sourceTree = "<group>"; };
		21A818D92233C4E800F5B1AA /* HistoricalViewController.swift */ = {isa = PBXFileReference; lastKnownFileType = sourcecode.swift; path = HistoricalViewController.swift; sourceTree = "<group>"; };
		21A818DB2233C57800F5B1AA /* ProfileViewController.swift */ = {isa = PBXFileReference; lastKnownFileType = sourcecode.swift; path = ProfileViewController.swift; sourceTree = "<group>"; };
		364C90B747A133782DBE2414 /* Pods-vigilesMobile.release.xcconfig */ = {isa = PBXFileReference; includeInIndex = 1; lastKnownFileType = text.xcconfig; name = "Pods-vigilesMobile.release.xcconfig"; path = "Target Support Files/Pods-vigilesMobile/Pods-vigilesMobile.release.xcconfig"; sourceTree = "<group>"; };
		3EF4D51B6C47918F9CAF49AF /* Pods-vigilesMobileUITests.debug.xcconfig */ = {isa = PBXFileReference; includeInIndex = 1; lastKnownFileType = text.xcconfig; name = "Pods-vigilesMobileUITests.debug.xcconfig"; path = "Target Support Files/Pods-vigilesMobileUITests/Pods-vigilesMobileUITests.debug.xcconfig"; sourceTree = "<group>"; };
		3F83C3C4A90BA5068CB6FB9A /* Pods-vigilesMobile.debug.xcconfig */ = {isa = PBXFileReference; includeInIndex = 1; lastKnownFileType = text.xcconfig; name = "Pods-vigilesMobile.debug.xcconfig"; path = "Target Support Files/Pods-vigilesMobile/Pods-vigilesMobile.debug.xcconfig"; sourceTree = "<group>"; };
		5622B7EA224A5ABC007D5CB6 /* DataCollectionViewCell.swift */ = {isa = PBXFileReference; lastKnownFileType = sourcecode.swift; path = DataCollectionViewCell.swift; sourceTree = "<group>"; };
		56ACCF31224C2833003F0063 /* CollectionViewCell.swift */ = {isa = PBXFileReference; lastKnownFileType = sourcecode.swift; path = CollectionViewCell.swift; sourceTree = "<group>"; };
		56ACCF33224D16B2003F0063 /* ChatCollectionViewCell.swift */ = {isa = PBXFileReference; lastKnownFileType = sourcecode.swift; path = ChatCollectionViewCell.swift; sourceTree = "<group>"; };
		56ACCF35224D16FE003F0063 /* ChatViewController.swift */ = {isa = PBXFileReference; lastKnownFileType = sourcecode.swift; name = ChatViewController.swift; path = vigilesMobile/ChatViewController.swift; sourceTree = SOURCE_ROOT; };
		56FD53F42243133A006C9533 /* LoginViewController.swift */ = {isa = PBXFileReference; lastKnownFileType = sourcecode.swift; name = LoginViewController.swift; path = vigilesMobile/LoginViewController.swift; sourceTree = SOURCE_ROOT; };
		7EB2FA954C38D63C577560DB /* Pods_vigilesMobileTests.framework */ = {isa = PBXFileReference; explicitFileType = wrapper.framework; includeInIndex = 0; path = Pods_vigilesMobileTests.framework; sourceTree = BUILT_PRODUCTS_DIR; };
		9075DECBDB3E2B1138E9DB9E /* Pods_vigilesMobile.framework */ = {isa = PBXFileReference; explicitFileType = wrapper.framework; includeInIndex = 0; path = Pods_vigilesMobile.framework; sourceTree = BUILT_PRODUCTS_DIR; };
		9ADA1ADDB5A174F3353F971F /* Pods-vigilesMobileTests.release.xcconfig */ = {isa = PBXFileReference; includeInIndex = 1; lastKnownFileType = text.xcconfig; name = "Pods-vigilesMobileTests.release.xcconfig"; path = "Target Support Files/Pods-vigilesMobileTests/Pods-vigilesMobileTests.release.xcconfig"; sourceTree = "<group>"; };
		AECE4E6823AFDFA2A761872A /* Pods-vigilesMobileTests.debug.xcconfig */ = {isa = PBXFileReference; includeInIndex = 1; lastKnownFileType = text.xcconfig; name = "Pods-vigilesMobileTests.debug.xcconfig"; path = "Target Support Files/Pods-vigilesMobileTests/Pods-vigilesMobileTests.debug.xcconfig"; sourceTree = "<group>"; };
		F7B16419C71430A4682DD227 /* Pods_vigilesMobileUITests.framework */ = {isa = PBXFileReference; explicitFileType = wrapper.framework; includeInIndex = 0; path = Pods_vigilesMobileUITests.framework; sourceTree = BUILT_PRODUCTS_DIR; };
		FF55610A8669427F78512A6C /* Pods-vigilesMobileUITests.release.xcconfig */ = {isa = PBXFileReference; includeInIndex = 1; lastKnownFileType = text.xcconfig; name = "Pods-vigilesMobileUITests.release.xcconfig"; path = "Target Support Files/Pods-vigilesMobileUITests/Pods-vigilesMobileUITests.release.xcconfig"; sourceTree = "<group>"; };
/* End PBXFileReference section */

/* Begin PBXFrameworksBuildPhase section */
		2161CD7B222FF7F2001ABD2E /* Frameworks */ = {
			isa = PBXFrameworksBuildPhase;
			buildActionMask = 2147483647;
			files = (
				2114AA20223FDF5A006E23C1 /* CoreLocation.framework in Frameworks */,
				086EE0C457ABFCA06CA1D96D /* Pods_vigilesMobile.framework in Frameworks */,
			);
			runOnlyForDeploymentPostprocessing = 0;
		};
		2161CD92222FF7F3001ABD2E /* Frameworks */ = {
			isa = PBXFrameworksBuildPhase;
			buildActionMask = 2147483647;
			files = (
				BE3B4FF6A1412A6CD4595E5D /* Pods_vigilesMobileTests.framework in Frameworks */,
			);
			runOnlyForDeploymentPostprocessing = 0;
		};
		2161CD9D222FF7F3001ABD2E /* Frameworks */ = {
			isa = PBXFrameworksBuildPhase;
			buildActionMask = 2147483647;
			files = (
				C8D492E4EC223C50C0615350 /* Pods_vigilesMobileUITests.framework in Frameworks */,
			);
			runOnlyForDeploymentPostprocessing = 0;
		};
/* End PBXFrameworksBuildPhase section */

/* Begin PBXGroup section */
		212FA16D2252314D00FD9917 /* IQKeyboardManagerSwift */ = {
			isa = PBXGroup;
			children = (
				212FA16E2252314D00FD9917 /* IQTextView */,
				212FA1702252314D00FD9917 /* IQToolbar */,
				212FA1772252314D00FD9917 /* Constants */,
				212FA17A2252314D00FD9917 /* Resources */,
				212FA17C2252314D00FD9917 /* IQKeyboardReturnKeyHandler.swift */,
				212FA17D2252314D00FD9917 /* IQKeyboardManager.swift */,
				212FA17E2252314D00FD9917 /* IQKeyboardManagerSwift.h */,
				212FA17F2252314D00FD9917 /* Categories */,
			);
			path = IQKeyboardManagerSwift;
			sourceTree = "<group>";
		};
		212FA16E2252314D00FD9917 /* IQTextView */ = {
			isa = PBXGroup;
			children = (
				212FA16F2252314D00FD9917 /* IQTextView.swift */,
			);
			path = IQTextView;
			sourceTree = "<group>";
		};
		212FA1702252314D00FD9917 /* IQToolbar */ = {
			isa = PBXGroup;
			children = (
				212FA1712252314D00FD9917 /* IQPreviousNextView.swift */,
				212FA1722252314D00FD9917 /* IQTitleBarButtonItem.swift */,
				212FA1732252314D00FD9917 /* IQBarButtonItem.swift */,
				212FA1742252314D00FD9917 /* IQToolbar.swift */,
				212FA1752252314D00FD9917 /* IQUIView+IQKeyboardToolbar.swift */,
				212FA1762252314D00FD9917 /* IQInvocation.swift */,
			);
			path = IQToolbar;
			sourceTree = "<group>";
		};
		212FA1772252314D00FD9917 /* Constants */ = {
			isa = PBXGroup;
			children = (
				212FA1782252314D00FD9917 /* IQKeyboardManagerConstantsInternal.swift */,
				212FA1792252314D00FD9917 /* IQKeyboardManagerConstants.swift */,
			);
			path = Constants;
			sourceTree = "<group>";
		};
		212FA17A2252314D00FD9917 /* Resources */ = {
			isa = PBXGroup;
			children = (
				212FA17B2252314D00FD9917 /* IQKeyboardManager.bundle */,
			);
			path = Resources;
			sourceTree = "<group>";
		};
		212FA17F2252314D00FD9917 /* Categories */ = {
			isa = PBXGroup;
			children = (
				212FA1802252314D00FD9917 /* IQUIScrollView+Additions.swift */,
				212FA1812252314D00FD9917 /* IQUIViewController+Additions.swift */,
				212FA1822252314D00FD9917 /* IQUITextFieldView+Additions.swift */,
				212FA1832252314D00FD9917 /* IQUIView+Hierarchy.swift */,
				212FA1842252314D00FD9917 /* IQNSArray+Sort.swift */,
			);
			path = Categories;
			sourceTree = "<group>";
		};
		2161CD75222FF7F2001ABD2E = {
			isa = PBXGroup;
			children = (
				2161CD80222FF7F2001ABD2E /* vigilesMobile */,
				2161CD98222FF7F3001ABD2E /* vigilesMobileTests */,
				2161CDA3222FF7F3001ABD2E /* vigilesMobileUITests */,
				2161CD7F222FF7F2001ABD2E /* Products */,
				59FA0EA3DFF70A10A21C5942 /* Pods */,
				A1D57ACCC478F3A09CAC59DC /* Frameworks */,
			);
			sourceTree = "<group>";
		};
		2161CD7F222FF7F2001ABD2E /* Products */ = {
			isa = PBXGroup;
			children = (
				2161CD7E222FF7F2001ABD2E /* vigilesMobile.app */,
				2161CD95222FF7F3001ABD2E /* vigilesMobileTests.xctest */,
				2161CDA0222FF7F3001ABD2E /* vigilesMobileUITests.xctest */,
			);
			name = Products;
			sourceTree = "<group>";
		};
		2161CD80222FF7F2001ABD2E /* vigilesMobile */ = {
			isa = PBXGroup;
			children = (
				212FA16D2252314D00FD9917 /* IQKeyboardManagerSwift */,
				218BD3E42232DAE90067FE59 /* Storyboards */,
				2161CD81222FF7F2001ABD2E /* AppDelegate.swift */,
				56ACCF35224D16FE003F0063 /* ChatViewController.swift */,
				21791B13224283960008B28C /* RegisterViewController.swift */,
				21A818DB2233C57800F5B1AA /* ProfileViewController.swift */,
				56FD53F42243133A006C9533 /* LoginViewController.swift */,
				21A818D92233C4E800F5B1AA /* HistoricalViewController.swift */,
				2161CD83222FF7F2001ABD2E /* ViewController.swift */,
				21A818D72233C48A00F5B1AA /* AddViewController.swift */,
				21A818D52233C42100F5B1AA /* SearchViewController.swift */,
				218BD3F52232E7BE0067FE59 /* HomeViewController.swift */,
				5622B7EA224A5ABC007D5CB6 /* DataCollectionViewCell.swift */,
				56ACCF31224C2833003F0063 /* CollectionViewCell.swift */,
				56ACCF33224D16B2003F0063 /* ChatCollectionViewCell.swift */,
				2161CD85222FF7F2001ABD2E /* Main.storyboard */,
				2161CD8B222FF7F3001ABD2E /* Assets.xcassets */,
				2161CD8D222FF7F3001ABD2E /* LaunchScreen.storyboard */,
				2161CD90222FF7F3001ABD2E /* Info.plist */,
				2161CD88222FF7F2001ABD2E /* vigilesMobile.xcdatamodeld */,
			);
			path = vigilesMobile;
			sourceTree = "<group>";
		};
		2161CD98222FF7F3001ABD2E /* vigilesMobileTests */ = {
			isa = PBXGroup;
			children = (
				2161CD99222FF7F3001ABD2E /* vigilesMobileTests.swift */,
				2161CD9B222FF7F3001ABD2E /* Info.plist */,
			);
			path = vigilesMobileTests;
			sourceTree = "<group>";
		};
		2161CDA3222FF7F3001ABD2E /* vigilesMobileUITests */ = {
			isa = PBXGroup;
			children = (
				2161CDA4222FF7F3001ABD2E /* vigilesMobileUITests.swift */,
				2161CDA6222FF7F3001ABD2E /* Info.plist */,
			);
			path = vigilesMobileUITests;
			sourceTree = "<group>";
		};
		218BD3E42232DAE90067FE59 /* Storyboards */ = {
			isa = PBXGroup;
			children = (
				218BD3E52232DB080067FE59 /* Home.storyboard */,
				218BD3E72232DB340067FE59 /* Cerca.storyboard */,
				218BD3E92232DB5B0067FE59 /* Aggiungi.storyboard */,
				218BD3EB2232DB680067FE59 /* Storico.storyboard */,
				218BD3ED2232DB750067FE59 /* Profilo.storyboard */,
			);
			path = Storyboards;
			sourceTree = "<group>";
		};
		59FA0EA3DFF70A10A21C5942 /* Pods */ = {
			isa = PBXGroup;
			children = (
				3F83C3C4A90BA5068CB6FB9A /* Pods-vigilesMobile.debug.xcconfig */,
				364C90B747A133782DBE2414 /* Pods-vigilesMobile.release.xcconfig */,
				AECE4E6823AFDFA2A761872A /* Pods-vigilesMobileTests.debug.xcconfig */,
				9ADA1ADDB5A174F3353F971F /* Pods-vigilesMobileTests.release.xcconfig */,
				3EF4D51B6C47918F9CAF49AF /* Pods-vigilesMobileUITests.debug.xcconfig */,
				FF55610A8669427F78512A6C /* Pods-vigilesMobileUITests.release.xcconfig */,
			);
			path = Pods;
			sourceTree = "<group>";
		};
		A1D57ACCC478F3A09CAC59DC /* Frameworks */ = {
			isa = PBXGroup;
			children = (
				2114AA1E223FC1CA006E23C1 /* CoreLocation.framework */,
				9075DECBDB3E2B1138E9DB9E /* Pods_vigilesMobile.framework */,
				7EB2FA954C38D63C577560DB /* Pods_vigilesMobileTests.framework */,
				F7B16419C71430A4682DD227 /* Pods_vigilesMobileUITests.framework */,
			);
			name = Frameworks;
			sourceTree = "<group>";
		};
/* End PBXGroup section */

/* Begin PBXNativeTarget section */
		2161CD7D222FF7F2001ABD2E /* vigilesMobile */ = {
			isa = PBXNativeTarget;
			buildConfigurationList = 2161CDA9222FF7F3001ABD2E /* Build configuration list for PBXNativeTarget "vigilesMobile" */;
			buildPhases = (
				EDD7164F477D43933F902A61 /* [CP] Check Pods Manifest.lock */,
				2161CD7A222FF7F2001ABD2E /* Sources */,
				2161CD7B222FF7F2001ABD2E /* Frameworks */,
				2161CD7C222FF7F2001ABD2E /* Resources */,
				74DFA94B232E3AC3E1AAC199 /* [CP] Copy Pods Resources */,
			);
			buildRules = (
			);
			dependencies = (
			);
			name = vigilesMobile;
			productName = vigilesMobile;
			productReference = 2161CD7E222FF7F2001ABD2E /* vigilesMobile.app */;
			productType = "com.apple.product-type.application";
		};
		2161CD94222FF7F3001ABD2E /* vigilesMobileTests */ = {
			isa = PBXNativeTarget;
			buildConfigurationList = 2161CDAC222FF7F3001ABD2E /* Build configuration list for PBXNativeTarget "vigilesMobileTests" */;
			buildPhases = (
				BC9E2DC85D08ADAAF71C232D /* [CP] Check Pods Manifest.lock */,
				2161CD91222FF7F3001ABD2E /* Sources */,
				2161CD92222FF7F3001ABD2E /* Frameworks */,
				2161CD93222FF7F3001ABD2E /* Resources */,
			);
			buildRules = (
			);
			dependencies = (
				2161CD97222FF7F3001ABD2E /* PBXTargetDependency */,
			);
			name = vigilesMobileTests;
			productName = vigilesMobileTests;
			productReference = 2161CD95222FF7F3001ABD2E /* vigilesMobileTests.xctest */;
			productType = "com.apple.product-type.bundle.unit-test";
		};
		2161CD9F222FF7F3001ABD2E /* vigilesMobileUITests */ = {
			isa = PBXNativeTarget;
			buildConfigurationList = 2161CDAF222FF7F3001ABD2E /* Build configuration list for PBXNativeTarget "vigilesMobileUITests" */;
			buildPhases = (
				A508361FA124952096C461CC /* [CP] Check Pods Manifest.lock */,
				2161CD9C222FF7F3001ABD2E /* Sources */,
				2161CD9D222FF7F3001ABD2E /* Frameworks */,
				2161CD9E222FF7F3001ABD2E /* Resources */,
			);
			buildRules = (
			);
			dependencies = (
				2161CDA2222FF7F3001ABD2E /* PBXTargetDependency */,
			);
			name = vigilesMobileUITests;
			productName = vigilesMobileUITests;
			productReference = 2161CDA0222FF7F3001ABD2E /* vigilesMobileUITests.xctest */;
			productType = "com.apple.product-type.bundle.ui-testing";
		};
/* End PBXNativeTarget section */

/* Begin PBXProject section */
		2161CD76222FF7F2001ABD2E /* Project object */ = {
			isa = PBXProject;
			attributes = {
				LastSwiftUpdateCheck = 1010;
				LastUpgradeCheck = 1010;
				ORGANIZATIONNAME = "Riccardo Mores";
				TargetAttributes = {
					2161CD7D222FF7F2001ABD2E = {
						CreatedOnToolsVersion = 10.1;
					};
					2161CD94222FF7F3001ABD2E = {
						CreatedOnToolsVersion = 10.1;
						TestTargetID = 2161CD7D222FF7F2001ABD2E;
					};
					2161CD9F222FF7F3001ABD2E = {
						CreatedOnToolsVersion = 10.1;
						TestTargetID = 2161CD7D222FF7F2001ABD2E;
					};
				};
			};
			buildConfigurationList = 2161CD79222FF7F2001ABD2E /* Build configuration list for PBXProject "vigilesMobile" */;
			compatibilityVersion = "Xcode 9.3";
			developmentRegion = en;
			hasScannedForEncodings = 0;
			knownRegions = (
				en,
				Base,
			);
			mainGroup = 2161CD75222FF7F2001ABD2E;
			productRefGroup = 2161CD7F222FF7F2001ABD2E /* Products */;
			projectDirPath = "";
			projectRoot = "";
			targets = (
				2161CD7D222FF7F2001ABD2E /* vigilesMobile */,
				2161CD94222FF7F3001ABD2E /* vigilesMobileTests */,
				2161CD9F222FF7F3001ABD2E /* vigilesMobileUITests */,
			);
		};
/* End PBXProject section */

/* Begin PBXResourcesBuildPhase section */
		2161CD7C222FF7F2001ABD2E /* Resources */ = {
			isa = PBXResourcesBuildPhase;
			buildActionMask = 2147483647;
			files = (
				2161CD8F222FF7F3001ABD2E /* LaunchScreen.storyboard in Resources */,
				2161CD8C222FF7F3001ABD2E /* Assets.xcassets in Resources */,
				2161CD87222FF7F2001ABD2E /* Main.storyboard in Resources */,
				218BD3E62232DB080067FE59 /* Home.storyboard in Resources */,
				218BD3EE2232DB750067FE59 /* Profilo.storyboard in Resources */,
				218BD3E82232DB340067FE59 /* Cerca.storyboard in Resources */,
				218BD3EA2232DB5B0067FE59 /* Aggiungi.storyboard in Resources */,
				218BD3EC2232DB680067FE59 /* Storico.storyboard in Resources */,
				212FA18E2252314D00FD9917 /* IQKeyboardManager.bundle in Resources */,
			);
			runOnlyForDeploymentPostprocessing = 0;
		};
		2161CD93222FF7F3001ABD2E /* Resources */ = {
			isa = PBXResourcesBuildPhase;
			buildActionMask = 2147483647;
			files = (
			);
			runOnlyForDeploymentPostprocessing = 0;
		};
		2161CD9E222FF7F3001ABD2E /* Resources */ = {
			isa = PBXResourcesBuildPhase;
			buildActionMask = 2147483647;
			files = (
			);
			runOnlyForDeploymentPostprocessing = 0;
		};
/* End PBXResourcesBuildPhase section */

/* Begin PBXShellScriptBuildPhase section */
		74DFA94B232E3AC3E1AAC199 /* [CP] Copy Pods Resources */ = {
			isa = PBXShellScriptBuildPhase;
			buildActionMask = 2147483647;
			files = (
			);
			inputFileListPaths = (
			);
			inputPaths = (
				"${PODS_ROOT}/Target Support Files/Pods-vigilesMobile/Pods-vigilesMobile-resources.sh",
				"${PODS_ROOT}/GoogleMaps/Maps/Frameworks/GoogleMaps.framework/Resources/GoogleMaps.bundle",
				"${PODS_ROOT}/GooglePlacePicker/Frameworks/GooglePlacePicker.framework/Resources/GooglePlacePicker.bundle",
				"${PODS_ROOT}/GooglePlaces/Frameworks/GooglePlaces.framework/Resources/GooglePlaces.bundle",
			);
			name = "[CP] Copy Pods Resources";
			outputFileListPaths = (
			);
			outputPaths = (
				"${TARGET_BUILD_DIR}/${UNLOCALIZED_RESOURCES_FOLDER_PATH}/GoogleMaps.bundle",
				"${TARGET_BUILD_DIR}/${UNLOCALIZED_RESOURCES_FOLDER_PATH}/GooglePlacePicker.bundle",
				"${TARGET_BUILD_DIR}/${UNLOCALIZED_RESOURCES_FOLDER_PATH}/GooglePlaces.bundle",
			);
			runOnlyForDeploymentPostprocessing = 0;
			shellPath = /bin/sh;
			shellScript = "\"${PODS_ROOT}/Target Support Files/Pods-vigilesMobile/Pods-vigilesMobile-resources.sh\"\n";
			showEnvVarsInLog = 0;
		};
		A508361FA124952096C461CC /* [CP] Check Pods Manifest.lock */ = {
			isa = PBXShellScriptBuildPhase;
			buildActionMask = 2147483647;
			files = (
			);
			inputFileListPaths = (
			);
			inputPaths = (
				"${PODS_PODFILE_DIR_PATH}/Podfile.lock",
				"${PODS_ROOT}/Manifest.lock",
			);
			name = "[CP] Check Pods Manifest.lock";
			outputFileListPaths = (
			);
			outputPaths = (
				"$(DERIVED_FILE_DIR)/Pods-vigilesMobileUITests-checkManifestLockResult.txt",
			);
			runOnlyForDeploymentPostprocessing = 0;
			shellPath = /bin/sh;
			shellScript = "diff \"${PODS_PODFILE_DIR_PATH}/Podfile.lock\" \"${PODS_ROOT}/Manifest.lock\" > /dev/null\nif [ $? != 0 ] ; then\n    # print error to STDERR\n    echo \"error: The sandbox is not in sync with the Podfile.lock. Run 'pod install' or update your CocoaPods installation.\" >&2\n    exit 1\nfi\n# This output is used by Xcode 'outputs' to avoid re-running this script phase.\necho \"SUCCESS\" > \"${SCRIPT_OUTPUT_FILE_0}\"\n";
			showEnvVarsInLog = 0;
		};
		BC9E2DC85D08ADAAF71C232D /* [CP] Check Pods Manifest.lock */ = {
			isa = PBXShellScriptBuildPhase;
			buildActionMask = 2147483647;
			files = (
			);
			inputFileListPaths = (
			);
			inputPaths = (
				"${PODS_PODFILE_DIR_PATH}/Podfile.lock",
				"${PODS_ROOT}/Manifest.lock",
			);
			name = "[CP] Check Pods Manifest.lock";
			outputFileListPaths = (
			);
			outputPaths = (
				"$(DERIVED_FILE_DIR)/Pods-vigilesMobileTests-checkManifestLockResult.txt",
			);
			runOnlyForDeploymentPostprocessing = 0;
			shellPath = /bin/sh;
			shellScript = "diff \"${PODS_PODFILE_DIR_PATH}/Podfile.lock\" \"${PODS_ROOT}/Manifest.lock\" > /dev/null\nif [ $? != 0 ] ; then\n    # print error to STDERR\n    echo \"error: The sandbox is not in sync with the Podfile.lock. Run 'pod install' or update your CocoaPods installation.\" >&2\n    exit 1\nfi\n# This output is used by Xcode 'outputs' to avoid re-running this script phase.\necho \"SUCCESS\" > \"${SCRIPT_OUTPUT_FILE_0}\"\n";
			showEnvVarsInLog = 0;
		};
		EDD7164F477D43933F902A61 /* [CP] Check Pods Manifest.lock */ = {
			isa = PBXShellScriptBuildPhase;
			buildActionMask = 2147483647;
			files = (
			);
			inputFileListPaths = (
			);
			inputPaths = (
				"${PODS_PODFILE_DIR_PATH}/Podfile.lock",
				"${PODS_ROOT}/Manifest.lock",
			);
			name = "[CP] Check Pods Manifest.lock";
			outputFileListPaths = (
			);
			outputPaths = (
				"$(DERIVED_FILE_DIR)/Pods-vigilesMobile-checkManifestLockResult.txt",
			);
			runOnlyForDeploymentPostprocessing = 0;
			shellPath = /bin/sh;
			shellScript = "diff \"${PODS_PODFILE_DIR_PATH}/Podfile.lock\" \"${PODS_ROOT}/Manifest.lock\" > /dev/null\nif [ $? != 0 ] ; then\n    # print error to STDERR\n    echo \"error: The sandbox is not in sync with the Podfile.lock. Run 'pod install' or update your CocoaPods installation.\" >&2\n    exit 1\nfi\n# This output is used by Xcode 'outputs' to avoid re-running this script phase.\necho \"SUCCESS\" > \"${SCRIPT_OUTPUT_FILE_0}\"\n";
			showEnvVarsInLog = 0;
		};
/* End PBXShellScriptBuildPhase section */

/* Begin PBXSourcesBuildPhase section */
		2161CD7A222FF7F2001ABD2E /* Sources */ = {
			isa = PBXSourcesBuildPhase;
			buildActionMask = 2147483647;
			files = (
				212FA18D2252314D00FD9917 /* IQKeyboardManagerConstants.swift in Sources */,
				21791B14224283960008B28C /* RegisterViewController.swift in Sources */,
				212FA18F2252314D00FD9917 /* IQKeyboardReturnKeyHandler.swift in Sources */,
				21A818D62233C42100F5B1AA /* SearchViewController.swift in Sources */,
				212FA1892252314D00FD9917 /* IQToolbar.swift in Sources */,
				212FA18C2252314D00FD9917 /* IQKeyboardManagerConstantsInternal.swift in Sources */,
				56ACCF34224D16B2003F0063 /* ChatCollectionViewCell.swift in Sources */,
				56ACCF32224C2833003F0063 /* CollectionViewCell.swift in Sources */,
				212FA1862252314D00FD9917 /* IQPreviousNextView.swift in Sources */,
				2161CD8A222FF7F2001ABD2E /* vigilesMobile.xcdatamodeld in Sources */,
				212FA1852252314D00FD9917 /* IQTextView.swift in Sources */,
				212FA1912252314E00FD9917 /* IQUIScrollView+Additions.swift in Sources */,
				212FA1922252314E00FD9917 /* IQUIViewController+Additions.swift in Sources */,
				21A818D82233C48A00F5B1AA /* AddViewController.swift in Sources */,
				212FA18B2252314D00FD9917 /* IQInvocation.swift in Sources */,
				5622B7EB224A5ABC007D5CB6 /* DataCollectionViewCell.swift in Sources */,
				212FA1942252314E00FD9917 /* IQUIView+Hierarchy.swift in Sources */,
				2161CD84222FF7F2001ABD2E /* ViewController.swift in Sources */,
				21A818DA2233C4E800F5B1AA /* HistoricalViewController.swift in Sources */,
				212FA1902252314E00FD9917 /* IQKeyboardManager.swift in Sources */,
				2161CD82222FF7F2001ABD2E /* AppDelegate.swift in Sources */,
				212FA1882252314D00FD9917 /* IQBarButtonItem.swift in Sources */,
				56ACCF36224D16FE003F0063 /* ChatViewController.swift in Sources */,
				21A818DC2233C57800F5B1AA /* ProfileViewController.swift in Sources */,
				212FA1872252314D00FD9917 /* IQTitleBarButtonItem.swift in Sources */,
				56FD53F52243133A006C9533 /* LoginViewController.swift in Sources */,
				212FA1952252314E00FD9917 /* IQNSArray+Sort.swift in Sources */,
				212FA18A2252314D00FD9917 /* IQUIView+IQKeyboardToolbar.swift in Sources */,
				212FA1932252314E00FD9917 /* IQUITextFieldView+Additions.swift in Sources */,
				218BD3F62232E7BE0067FE59 /* HomeViewController.swift in Sources */,
			);
			runOnlyForDeploymentPostprocessing = 0;
		};
		2161CD91222FF7F3001ABD2E /* Sources */ = {
			isa = PBXSourcesBuildPhase;
			buildActionMask = 2147483647;
			files = (
				2161CD9A222FF7F3001ABD2E /* vigilesMobileTests.swift in Sources */,
			);
			runOnlyForDeploymentPostprocessing = 0;
		};
		2161CD9C222FF7F3001ABD2E /* Sources */ = {
			isa = PBXSourcesBuildPhase;
			buildActionMask = 2147483647;
			files = (
				2161CDA5222FF7F3001ABD2E /* vigilesMobileUITests.swift in Sources */,
			);
			runOnlyForDeploymentPostprocessing = 0;
		};
/* End PBXSourcesBuildPhase section */

/* Begin PBXTargetDependency section */
		2161CD97222FF7F3001ABD2E /* PBXTargetDependency */ = {
			isa = PBXTargetDependency;
			target = 2161CD7D222FF7F2001ABD2E /* vigilesMobile */;
			targetProxy = 2161CD96222FF7F3001ABD2E /* PBXContainerItemProxy */;
		};
		2161CDA2222FF7F3001ABD2E /* PBXTargetDependency */ = {
			isa = PBXTargetDependency;
			target = 2161CD7D222FF7F2001ABD2E /* vigilesMobile */;
			targetProxy = 2161CDA1222FF7F3001ABD2E /* PBXContainerItemProxy */;
		};
/* End PBXTargetDependency section */

/* Begin PBXVariantGroup section */
		2161CD85222FF7F2001ABD2E /* Main.storyboard */ = {
			isa = PBXVariantGroup;
			children = (
				2161CD86222FF7F2001ABD2E /* Base */,
			);
			name = Main.storyboard;
			sourceTree = "<group>";
		};
		2161CD8D222FF7F3001ABD2E /* LaunchScreen.storyboard */ = {
			isa = PBXVariantGroup;
			children = (
				2161CD8E222FF7F3001ABD2E /* Base */,
			);
			name = LaunchScreen.storyboard;
			sourceTree = "<group>";
		};
/* End PBXVariantGroup section */

/* Begin XCBuildConfiguration section */
		2161CDA7222FF7F3001ABD2E /* Debug */ = {
			isa = XCBuildConfiguration;
			buildSettings = {
				ALWAYS_SEARCH_USER_PATHS = NO;
				CLANG_ANALYZER_NONNULL = YES;
				CLANG_ANALYZER_NUMBER_OBJECT_CONVERSION = YES_AGGRESSIVE;
				CLANG_CXX_LANGUAGE_STANDARD = "gnu++14";
				CLANG_CXX_LIBRARY = "libc++";
				CLANG_ENABLE_MODULES = YES;
				CLANG_ENABLE_OBJC_ARC = YES;
				CLANG_ENABLE_OBJC_WEAK = YES;
				CLANG_WARN_BLOCK_CAPTURE_AUTORELEASING = YES;
				CLANG_WARN_BOOL_CONVERSION = YES;
				CLANG_WARN_COMMA = YES;
				CLANG_WARN_CONSTANT_CONVERSION = YES;
				CLANG_WARN_DEPRECATED_OBJC_IMPLEMENTATIONS = YES;
				CLANG_WARN_DIRECT_OBJC_ISA_USAGE = YES_ERROR;
				CLANG_WARN_DOCUMENTATION_COMMENTS = YES;
				CLANG_WARN_EMPTY_BODY = YES;
				CLANG_WARN_ENUM_CONVERSION = YES;
				CLANG_WARN_INFINITE_RECURSION = YES;
				CLANG_WARN_INT_CONVERSION = YES;
				CLANG_WARN_NON_LITERAL_NULL_CONVERSION = YES;
				CLANG_WARN_OBJC_IMPLICIT_RETAIN_SELF = YES;
				CLANG_WARN_OBJC_LITERAL_CONVERSION = YES;
				CLANG_WARN_OBJC_ROOT_CLASS = YES_ERROR;
				CLANG_WARN_RANGE_LOOP_ANALYSIS = YES;
				CLANG_WARN_STRICT_PROTOTYPES = YES;
				CLANG_WARN_SUSPICIOUS_MOVE = YES;
				CLANG_WARN_UNGUARDED_AVAILABILITY = YES_AGGRESSIVE;
				CLANG_WARN_UNREACHABLE_CODE = YES;
				CLANG_WARN__DUPLICATE_METHOD_MATCH = YES;
				CODE_SIGN_IDENTITY = "iPhone Developer";
				COPY_PHASE_STRIP = NO;
				DEBUG_INFORMATION_FORMAT = dwarf;
				ENABLE_STRICT_OBJC_MSGSEND = YES;
				ENABLE_TESTABILITY = YES;
				GCC_C_LANGUAGE_STANDARD = gnu11;
				GCC_DYNAMIC_NO_PIC = NO;
				GCC_NO_COMMON_BLOCKS = YES;
				GCC_OPTIMIZATION_LEVEL = 0;
				GCC_PREPROCESSOR_DEFINITIONS = (
					"DEBUG=1",
					"$(inherited)",
				);
				GCC_WARN_64_TO_32_BIT_CONVERSION = YES;
				GCC_WARN_ABOUT_RETURN_TYPE = YES_ERROR;
				GCC_WARN_UNDECLARED_SELECTOR = YES;
				GCC_WARN_UNINITIALIZED_AUTOS = YES_AGGRESSIVE;
				GCC_WARN_UNUSED_FUNCTION = YES;
				GCC_WARN_UNUSED_VARIABLE = YES;
				IPHONEOS_DEPLOYMENT_TARGET = 12.1;
				MTL_ENABLE_DEBUG_INFO = INCLUDE_SOURCE;
				MTL_FAST_MATH = YES;
				ONLY_ACTIVE_ARCH = YES;
				SDKROOT = iphoneos;
				SWIFT_ACTIVE_COMPILATION_CONDITIONS = DEBUG;
				SWIFT_OPTIMIZATION_LEVEL = "-Onone";
			};
			name = Debug;
		};
		2161CDA8222FF7F3001ABD2E /* Release */ = {
			isa = XCBuildConfiguration;
			buildSettings = {
				ALWAYS_SEARCH_USER_PATHS = NO;
				CLANG_ANALYZER_NONNULL = YES;
				CLANG_ANALYZER_NUMBER_OBJECT_CONVERSION = YES_AGGRESSIVE;
				CLANG_CXX_LANGUAGE_STANDARD = "gnu++14";
				CLANG_CXX_LIBRARY = "libc++";
				CLANG_ENABLE_MODULES = YES;
				CLANG_ENABLE_OBJC_ARC = YES;
				CLANG_ENABLE_OBJC_WEAK = YES;
				CLANG_WARN_BLOCK_CAPTURE_AUTORELEASING = YES;
				CLANG_WARN_BOOL_CONVERSION = YES;
				CLANG_WARN_COMMA = YES;
				CLANG_WARN_CONSTANT_CONVERSION = YES;
				CLANG_WARN_DEPRECATED_OBJC_IMPLEMENTATIONS = YES;
				CLANG_WARN_DIRECT_OBJC_ISA_USAGE = YES_ERROR;
				CLANG_WARN_DOCUMENTATION_COMMENTS = YES;
				CLANG_WARN_EMPTY_BODY = YES;
				CLANG_WARN_ENUM_CONVERSION = YES;
				CLANG_WARN_INFINITE_RECURSION = YES;
				CLANG_WARN_INT_CONVERSION = YES;
				CLANG_WARN_NON_LITERAL_NULL_CONVERSION = YES;
				CLANG_WARN_OBJC_IMPLICIT_RETAIN_SELF = YES;
				CLANG_WARN_OBJC_LITERAL_CONVERSION = YES;
				CLANG_WARN_OBJC_ROOT_CLASS = YES_ERROR;
				CLANG_WARN_RANGE_LOOP_ANALYSIS = YES;
				CLANG_WARN_STRICT_PROTOTYPES = YES;
				CLANG_WARN_SUSPICIOUS_MOVE = YES;
				CLANG_WARN_UNGUARDED_AVAILABILITY = YES_AGGRESSIVE;
				CLANG_WARN_UNREACHABLE_CODE = YES;
				CLANG_WARN__DUPLICATE_METHOD_MATCH = YES;
				CODE_SIGN_IDENTITY = "iPhone Developer";
				COPY_PHASE_STRIP = NO;
				DEBUG_INFORMATION_FORMAT = "dwarf-with-dsym";
				ENABLE_NS_ASSERTIONS = NO;
				ENABLE_STRICT_OBJC_MSGSEND = YES;
				GCC_C_LANGUAGE_STANDARD = gnu11;
				GCC_NO_COMMON_BLOCKS = YES;
				GCC_WARN_64_TO_32_BIT_CONVERSION = YES;
				GCC_WARN_ABOUT_RETURN_TYPE = YES_ERROR;
				GCC_WARN_UNDECLARED_SELECTOR = YES;
				GCC_WARN_UNINITIALIZED_AUTOS = YES_AGGRESSIVE;
				GCC_WARN_UNUSED_FUNCTION = YES;
				GCC_WARN_UNUSED_VARIABLE = YES;
				IPHONEOS_DEPLOYMENT_TARGET = 12.1;
				MTL_ENABLE_DEBUG_INFO = NO;
				MTL_FAST_MATH = YES;
				SDKROOT = iphoneos;
				SWIFT_COMPILATION_MODE = wholemodule;
				SWIFT_OPTIMIZATION_LEVEL = "-O";
				VALIDATE_PRODUCT = YES;
			};
			name = Release;
		};
		2161CDAA222FF7F3001ABD2E /* Debug */ = {
			isa = XCBuildConfiguration;
			baseConfigurationReference = 3F83C3C4A90BA5068CB6FB9A /* Pods-vigilesMobile.debug.xcconfig */;
			buildSettings = {
				ASSETCATALOG_COMPILER_APPICON_NAME = AppIcon;
				CODE_SIGN_IDENTITY = "iPhone Developer";
				CODE_SIGN_STYLE = Automatic;
				DEVELOPMENT_TEAM = Q84HB5733Y;
				ENABLE_BITCODE = YES;
				INFOPLIST_FILE = vigilesMobile/Info.plist;
				LD_RUNPATH_SEARCH_PATHS = (
					"$(inherited)",
					"@executable_path/Frameworks",
				);
				PRODUCT_BUNDLE_IDENTIFIER = riccardomores.vigilesMobile;
				PRODUCT_NAME = "$(TARGET_NAME)";
				PROVISIONING_PROFILE_SPECIFIER = "";
				SWIFT_REFLECTION_METADATA_LEVEL = none;
				SWIFT_VERSION = 4.2;
				TARGETED_DEVICE_FAMILY = 1;
			};
			name = Debug;
		};
		2161CDAB222FF7F3001ABD2E /* Release */ = {
			isa = XCBuildConfiguration;
			baseConfigurationReference = 364C90B747A133782DBE2414 /* Pods-vigilesMobile.release.xcconfig */;
			buildSettings = {
				ASSETCATALOG_COMPILER_APPICON_NAME = AppIcon;
				CODE_SIGN_IDENTITY = "iPhone Developer";
				CODE_SIGN_STYLE = Automatic;
				DEVELOPMENT_TEAM = Q84HB5733Y;
				ENABLE_BITCODE = YES;
				INFOPLIST_FILE = vigilesMobile/Info.plist;
				LD_RUNPATH_SEARCH_PATHS = (
					"$(inherited)",
					"@executable_path/Frameworks",
				);
				PRODUCT_BUNDLE_IDENTIFIER = riccardomores.vigilesMobile;
				PRODUCT_NAME = "$(TARGET_NAME)";
				PROVISIONING_PROFILE_SPECIFIER = "";
				SWIFT_REFLECTION_METADATA_LEVEL = none;
				SWIFT_VERSION = 4.2;
				TARGETED_DEVICE_FAMILY = 1;
			};
			name = Release;
		};
		2161CDAD222FF7F3001ABD2E /* Debug */ = {
			isa = XCBuildConfiguration;
			baseConfigurationReference = AECE4E6823AFDFA2A761872A /* Pods-vigilesMobileTests.debug.xcconfig */;
			buildSettings = {
				ALWAYS_EMBED_SWIFT_STANDARD_LIBRARIES = YES;
				BUNDLE_LOADER = "$(TEST_HOST)";
				CODE_SIGN_STYLE = Automatic;
				DEVELOPMENT_TEAM = J5P6Z6JAHL;
				INFOPLIST_FILE = vigilesMobileTests/Info.plist;
				LD_RUNPATH_SEARCH_PATHS = (
					"$(inherited)",
					"@executable_path/Frameworks",
					"@loader_path/Frameworks",
				);
				PRODUCT_BUNDLE_IDENTIFIER = riccardomores.vigilesMobileTests;
				PRODUCT_NAME = "$(TARGET_NAME)";
				SWIFT_VERSION = 4.2;
				TARGETED_DEVICE_FAMILY = "1,2";
				TEST_HOST = "$(BUILT_PRODUCTS_DIR)/vigilesMobile.app/vigilesMobile";
			};
			name = Debug;
		};
		2161CDAE222FF7F3001ABD2E /* Release */ = {
			isa = XCBuildConfiguration;
			baseConfigurationReference = 9ADA1ADDB5A174F3353F971F /* Pods-vigilesMobileTests.release.xcconfig */;
			buildSettings = {
				ALWAYS_EMBED_SWIFT_STANDARD_LIBRARIES = YES;
				BUNDLE_LOADER = "$(TEST_HOST)";
				CODE_SIGN_STYLE = Automatic;
				DEVELOPMENT_TEAM = J5P6Z6JAHL;
				INFOPLIST_FILE = vigilesMobileTests/Info.plist;
				LD_RUNPATH_SEARCH_PATHS = (
					"$(inherited)",
					"@executable_path/Frameworks",
					"@loader_path/Frameworks",
				);
				PRODUCT_BUNDLE_IDENTIFIER = riccardomores.vigilesMobileTests;
				PRODUCT_NAME = "$(TARGET_NAME)";
				SWIFT_VERSION = 4.2;
				TARGETED_DEVICE_FAMILY = "1,2";
				TEST_HOST = "$(BUILT_PRODUCTS_DIR)/vigilesMobile.app/vigilesMobile";
			};
			name = Release;
		};
		2161CDB0222FF7F3001ABD2E /* Debug */ = {
			isa = XCBuildConfiguration;
			baseConfigurationReference = 3EF4D51B6C47918F9CAF49AF /* Pods-vigilesMobileUITests.debug.xcconfig */;
			buildSettings = {
				ALWAYS_EMBED_SWIFT_STANDARD_LIBRARIES = YES;
				CODE_SIGN_STYLE = Automatic;
				DEVELOPMENT_TEAM = J5P6Z6JAHL;
				INFOPLIST_FILE = vigilesMobileUITests/Info.plist;
				LD_RUNPATH_SEARCH_PATHS = (
					"$(inherited)",
					"@executable_path/Frameworks",
					"@loader_path/Frameworks",
				);
				PRODUCT_BUNDLE_IDENTIFIER = riccardomores.vigilesMobileUITests;
				PRODUCT_NAME = "$(TARGET_NAME)";
				SWIFT_VERSION = 4.2;
				TARGETED_DEVICE_FAMILY = "1,2";
				TEST_TARGET_NAME = vigilesMobile;
			};
			name = Debug;
		};
		2161CDB1222FF7F3001ABD2E /* Release */ = {
			isa = XCBuildConfiguration;
			baseConfigurationReference = FF55610A8669427F78512A6C /* Pods-vigilesMobileUITests.release.xcconfig */;
			buildSettings = {
				ALWAYS_EMBED_SWIFT_STANDARD_LIBRARIES = YES;
				CODE_SIGN_STYLE = Automatic;
				DEVELOPMENT_TEAM = J5P6Z6JAHL;
				INFOPLIST_FILE = vigilesMobileUITests/Info.plist;
				LD_RUNPATH_SEARCH_PATHS = (
					"$(inherited)",
					"@executable_path/Frameworks",
					"@loader_path/Frameworks",
				);
				PRODUCT_BUNDLE_IDENTIFIER = riccardomores.vigilesMobileUITests;
				PRODUCT_NAME = "$(TARGET_NAME)";
				SWIFT_VERSION = 4.2;
				TARGETED_DEVICE_FAMILY = "1,2";
				TEST_TARGET_NAME = vigilesMobile;
			};
			name = Release;
		};
/* End XCBuildConfiguration section */

/* Begin XCConfigurationList section */
		2161CD79222FF7F2001ABD2E /* Build configuration list for PBXProject "vigilesMobile" */ = {
			isa = XCConfigurationList;
			buildConfigurations = (
				2161CDA7222FF7F3001ABD2E /* Debug */,
				2161CDA8222FF7F3001ABD2E /* Release */,
			);
			defaultConfigurationIsVisible = 0;
			defaultConfigurationName = Release;
		};
		2161CDA9222FF7F3001ABD2E /* Build configuration list for PBXNativeTarget "vigilesMobile" */ = {
			isa = XCConfigurationList;
			buildConfigurations = (
				2161CDAA222FF7F3001ABD2E /* Debug */,
				2161CDAB222FF7F3001ABD2E /* Release */,
			);
			defaultConfigurationIsVisible = 0;
			defaultConfigurationName = Release;
		};
		2161CDAC222FF7F3001ABD2E /* Build configuration list for PBXNativeTarget "vigilesMobileTests" */ = {
			isa = XCConfigurationList;
			buildConfigurations = (
				2161CDAD222FF7F3001ABD2E /* Debug */,
				2161CDAE222FF7F3001ABD2E /* Release */,
			);
			defaultConfigurationIsVisible = 0;
			defaultConfigurationName = Release;
		};
		2161CDAF222FF7F3001ABD2E /* Build configuration list for PBXNativeTarget "vigilesMobileUITests" */ = {
			isa = XCConfigurationList;
			buildConfigurations = (
				2161CDB0222FF7F3001ABD2E /* Debug */,
				2161CDB1222FF7F3001ABD2E /* Release */,
			);
			defaultConfigurationIsVisible = 0;
			defaultConfigurationName = Release;
		};
/* End XCConfigurationList section */

/* Begin XCVersionGroup section */
		2161CD88222FF7F2001ABD2E /* vigilesMobile.xcdatamodeld */ = {
			isa = XCVersionGroup;
			children = (
				2161CD89222FF7F2001ABD2E /* vigilesMobile.xcdatamodel */,
			);
			currentVersion = 2161CD89222FF7F2001ABD2E /* vigilesMobile.xcdatamodel */;
			path = vigilesMobile.xcdatamodeld;
			sourceTree = "<group>";
			versionGroupType = wrapper.xcdatamodel;
		};
/* End XCVersionGroup section */
	};
	rootObject = 2161CD76222FF7F2001ABD2E /* Project object */;
}
